{
    "version": 3,
    "terraform_version": "0.11.8",
    "serial": 5,
    "lineage": "308f11e6-ac59-8861-4c9d-9e4a20b513ac",
    "modules": [
        {
            "path": [
                "root"
            ],
            "outputs": {},
            "resources": {
                "github_repository.heroku-pipeline-app": {
                    "type": "github_repository",
                    "depends_on": [],
                    "primary": {
                        "id": "heroku-pipeline-app",
                        "attributes": {
                            "allow_merge_commit": "true",
                            "allow_rebase_merge": "true",
                            "allow_squash_merge": "true",
                            "archived": "false",
                            "default_branch": "master",
                            "description": "Shows heroku pipelines with concourse",
                            "etag": "W/\"663be622842e9e32f231632daada685d\"",
                            "full_name": "PGR301-2018/heroku-pipeline-app",
                            "git_clone_url": "git://github.com/PGR301-2018/heroku-pipeline-app.git",
                            "has_downloads": "false",
                            "has_issues": "false",
                            "has_wiki": "false",
                            "homepage_url": "",
                            "html_url": "https://github.com/PGR301-2018/heroku-pipeline-app",
                            "http_clone_url": "https://github.com/PGR301-2018/heroku-pipeline-app.git",
                            "id": "heroku-pipeline-app",
                            "name": "heroku-pipeline-app",
                            "private": "false",
                            "ssh_clone_url": "git@github.com:PGR301-2018/heroku-pipeline-app.git",
                            "svn_url": "https://github.com/PGR301-2018/heroku-pipeline-app",
                            "topics.#": "0"
                        },
                        "meta": {},
                        "tainted": false
                    },
                    "deposed": [],
                    "provider": "provider.github"
                },
                "github_repository.heroku-pipeline-infra": {
                    "type": "github_repository",
                    "depends_on": [],
                    "primary": {
                        "id": "heroku-pipeline-infra",
                        "attributes": {
                            "allow_merge_commit": "true",
                            "allow_rebase_merge": "true",
                            "allow_squash_merge": "true",
                            "archived": "false",
                            "default_branch": "master",
                            "description": "Shows heroku pipelines with concourse",
                            "etag": "W/\"a2905a63ca461a35783dea44529169ee\"",
                            "full_name": "PGR301-2018/heroku-pipeline-infra",
                            "git_clone_url": "git://github.com/PGR301-2018/heroku-pipeline-infra.git",
                            "has_downloads": "false",
                            "has_issues": "false",
                            "has_wiki": "false",
                            "homepage_url": "",
                            "html_url": "https://github.com/PGR301-2018/heroku-pipeline-infra",
                            "http_clone_url": "https://github.com/PGR301-2018/heroku-pipeline-infra.git",
                            "id": "heroku-pipeline-infra",
                            "name": "heroku-pipeline-infra",
                            "private": "false",
                            "ssh_clone_url": "git@github.com:PGR301-2018/heroku-pipeline-infra.git",
                            "svn_url": "https://github.com/PGR301-2018/heroku-pipeline-infra",
                            "topics.#": "0"
                        },
                        "meta": {},
                        "tainted": false
                    },
                    "deposed": [],
                    "provider": "provider.github"
                },
                "heroku_app.ci": {
                    "type": "heroku_app",
                    "depends_on": [],
                    "primary": {
                        "id": "glennbech-pipeline-app-ci",
                        "attributes": {
                            "acm": "false",
                            "all_config_vars.%": "0",
                            "config_vars.#": "0",
                            "git_url": "https://git.heroku.com/glennbech-pipeline-app-ci.git",
                            "heroku_hostname": "glennbech-pipeline-app-ci.herokuapp.com",
                            "id": "glennbech-pipeline-app-ci",
                            "internal_routing": "false",
                            "name": "glennbech-pipeline-app-ci",
                            "region": "eu",
                            "stack": "heroku-18",
                            "web_url": "https://glennbech-pipeline-app-ci.herokuapp.com/"
                        },
                        "meta": {},
                        "tainted": false
                    },
                    "deposed": [],
                    "provider": "provider.heroku"
                },
                "heroku_app.staging": {
                    "type": "heroku_app",
                    "depends_on": [],
                    "primary": {
                        "id": "glennbech-pipeline-app-staging",
                        "attributes": {
                            "acm": "false",
                            "all_config_vars.%": "0",
                            "config_vars.#": "0",
                            "git_url": "https://git.heroku.com/glennbech-pipeline-app-staging.git",
                            "heroku_hostname": "glennbech-pipeline-app-staging.herokuapp.com",
                            "id": "glennbech-pipeline-app-staging",
                            "internal_routing": "false",
                            "name": "glennbech-pipeline-app-staging",
                            "region": "eu",
                            "stack": "heroku-18",
                            "web_url": "https://glennbech-pipeline-app-staging.herokuapp.com/"
                        },
                        "meta": {},
                        "tainted": false
                    },
                    "deposed": [],
                    "provider": "provider.heroku"
                },
                "heroku_pipeline.test-app": {
                    "type": "heroku_pipeline",
                    "depends_on": [],
                    "primary": {
                        "id": "8e3c41a5-5c64-4b93-afb6-4329250c9dcc",
                        "attributes": {
                            "id": "8e3c41a5-5c64-4b93-afb6-4329250c9dcc",
                            "name": "pgr301-pipeline-demo"
                        },
                        "meta": {},
                        "tainted": false
                    },
                    "deposed": [],
                    "provider": "provider.heroku"
                },
                "heroku_pipeline_coupling.ci": {
                    "type": "heroku_pipeline_coupling",
                    "depends_on": [
                        "heroku_app.ci",
                        "heroku_pipeline.test-app"
                    ],
                    "primary": {
                        "id": "77d9422f-4e85-4dfd-837d-3dd55916e79f",
                        "attributes": {
                            "app": "glennbech-pipeline-app-ci",
                            "app_id": "07063ac4-441b-49c0-b71d-f82c60afbb95",
                            "id": "77d9422f-4e85-4dfd-837d-3dd55916e79f",
                            "pipeline": "8e3c41a5-5c64-4b93-afb6-4329250c9dcc",
                            "stage": "development"
                        },
                        "meta": {},
                        "tainted": false
                    },
                    "deposed": [],
                    "provider": "provider.heroku"
                },
                "heroku_pipeline_coupling.staging": {
                    "type": "heroku_pipeline_coupling",
                    "depends_on": [
                        "heroku_app.staging",
                        "heroku_pipeline.test-app"
                    ],
                    "primary": {
                        "id": "ef7e0c0d-94ea-42f8-a266-87a3099d193c",
                        "attributes": {
                            "app": "glennbech-pipeline-app-staging",
                            "app_id": "d4d1d53a-df26-4ddc-aceb-a24ea0f929db",
                            "id": "ef7e0c0d-94ea-42f8-a266-87a3099d193c",
                            "pipeline": "8e3c41a5-5c64-4b93-afb6-4329250c9dcc",
                            "stage": "staging"
                        },
                        "meta": {},
                        "tainted": false
                    },
                    "deposed": [],
                    "provider": "provider.heroku"
                }
            },
            "depends_on": []
        }
    ]
}
