{
    "version": 3,
    "terraform_version": "0.11.8",
    "serial": 13,
    "lineage": "308f11e6-ac59-8861-4c9d-9e4a20b513ac",
    "modules": [
        {
            "path": [
                "root"
            ],
            "outputs": {},
            "resources": {
                "heroku_addon.db_ci": {
                    "type": "heroku_addon",
                    "depends_on": [
                        "heroku_app.ci"
                    ],
                    "primary": {
                        "id": "7ac94854-f3de-4b40-bc21-84954f1c529b",
                        "attributes": {
                            "app": "gb-pipeline-app-ci",
                            "config_vars.#": "1",
                            "config_vars.0": "DATABASE_URL",
                            "id": "7ac94854-f3de-4b40-bc21-84954f1c529b",
                            "name": "postgresql-colorful-23323",
                            "plan": "heroku-postgresql:hobby-dev",
                            "provider_id": "15189678"
                        },
                        "meta": {
                            "schema_version": "1"
                        },
                        "tainted": false
                    },
                    "deposed": [],
                    "provider": "provider.heroku"
                },
                "heroku_addon.db_prod": {
                    "type": "heroku_addon",
                    "depends_on": [
                        "heroku_app.production"
                    ],
                    "primary": {
                        "id": "3b80d658-1152-4fc6-a11b-3f5c31fc4ad6",
                        "attributes": {
                            "app": "gb-pipeline-app-production",
                            "config_vars.#": "1",
                            "config_vars.0": "DATABASE_URL",
                            "id": "3b80d658-1152-4fc6-a11b-3f5c31fc4ad6",
                            "name": "postgresql-curved-20194",
                            "plan": "heroku-postgresql:hobby-dev",
                            "provider_id": "15189680"
                        },
                        "meta": {
                            "schema_version": "1"
                        },
                        "tainted": false
                    },
                    "deposed": [],
                    "provider": "provider.heroku"
                },
                "heroku_addon.db_stage": {
                    "type": "heroku_addon",
                    "depends_on": [
                        "heroku_app.staging"
                    ],
                    "primary": {
                        "id": "65fa1ae2-92d5-4ac9-ad3f-12cdeeb23925",
                        "attributes": {
                            "app": "gb-pipeline-app-staging",
                            "config_vars.#": "1",
                            "config_vars.0": "DATABASE_URL",
                            "id": "65fa1ae2-92d5-4ac9-ad3f-12cdeeb23925",
                            "name": "postgresql-opaque-25308",
                            "plan": "heroku-postgresql:hobby-dev",
                            "provider_id": "15189679"
                        },
                        "meta": {
                            "schema_version": "1"
                        },
                        "tainted": false
                    },
                    "deposed": [],
                    "provider": "provider.heroku"
                },
                "heroku_app.ci": {
                    "type": "heroku_app",
                    "depends_on": [],
                    "primary": {
                        "id": "gb-pipeline-app-ci",
                        "attributes": {
                            "acm": "false",
                            "all_config_vars.%": "0",
                            "config_vars.#": "0",
                            "git_url": "https://git.heroku.com/gb-pipeline-app-ci.git",
                            "heroku_hostname": "gb-pipeline-app-ci.herokuapp.com",
                            "id": "gb-pipeline-app-ci",
                            "internal_routing": "false",
                            "name": "gb-pipeline-app-ci",
                            "region": "eu",
                            "stack": "heroku-18",
                            "web_url": "https://gb-pipeline-app-ci.herokuapp.com/"
                        },
                        "meta": {},
                        "tainted": false
                    },
                    "deposed": [],
                    "provider": "provider.heroku"
                },
                "heroku_app.production": {
                    "type": "heroku_app",
                    "depends_on": [],
                    "primary": {
                        "id": "gb-pipeline-app-production",
                        "attributes": {
                            "acm": "false",
                            "all_config_vars.%": "0",
                            "config_vars.#": "0",
                            "git_url": "https://git.heroku.com/gb-pipeline-app-production.git",
                            "heroku_hostname": "gb-pipeline-app-production.herokuapp.com",
                            "id": "gb-pipeline-app-production",
                            "internal_routing": "false",
                            "name": "gb-pipeline-app-production",
                            "region": "eu",
                            "stack": "heroku-18",
                            "web_url": "https://gb-pipeline-app-production.herokuapp.com/"
                        },
                        "meta": {},
                        "tainted": false
                    },
                    "deposed": [],
                    "provider": "provider.heroku"
                },
                "heroku_app.staging": {
                    "type": "heroku_app",
                    "depends_on": [],
                    "primary": {
                        "id": "gb-pipeline-app-staging",
                        "attributes": {
                            "acm": "false",
                            "all_config_vars.%": "0",
                            "config_vars.#": "0",
                            "git_url": "https://git.heroku.com/gb-pipeline-app-staging.git",
                            "heroku_hostname": "gb-pipeline-app-staging.herokuapp.com",
                            "id": "gb-pipeline-app-staging",
                            "internal_routing": "false",
                            "name": "gb-pipeline-app-staging",
                            "region": "eu",
                            "stack": "heroku-18",
                            "web_url": "https://gb-pipeline-app-staging.herokuapp.com/"
                        },
                        "meta": {},
                        "tainted": false
                    },
                    "deposed": [],
                    "provider": "provider.heroku"
                },
                "heroku_pipeline.test-app": {
                    "type": "heroku_pipeline",
                    "depends_on": [],
                    "primary": {
                        "id": "a5813a4d-6a58-48f9-b74b-0349c93eea9a",
                        "attributes": {
                            "id": "a5813a4d-6a58-48f9-b74b-0349c93eea9a",
                            "name": "pgr301-pipeline-demo"
                        },
                        "meta": {},
                        "tainted": false
                    },
                    "deposed": [],
                    "provider": "provider.heroku"
                },
                "heroku_pipeline_coupling.ci": {
                    "type": "heroku_pipeline_coupling",
                    "depends_on": [
                        "heroku_app.ci",
                        "heroku_pipeline.test-app"
                    ],
                    "primary": {
                        "id": "2cdb5611-d9ab-4588-9109-184fe98ce9f8",
                        "attributes": {
                            "app": "gb-pipeline-app-ci",
                            "app_id": "34ef70d6-8229-4412-99dc-d85c3c37ffdc",
                            "id": "2cdb5611-d9ab-4588-9109-184fe98ce9f8",
                            "pipeline": "a5813a4d-6a58-48f9-b74b-0349c93eea9a",
                            "stage": "development"
                        },
                        "meta": {},
                        "tainted": false
                    },
                    "deposed": [],
                    "provider": "provider.heroku"
                },
                "heroku_pipeline_coupling.production": {
                    "type": "heroku_pipeline_coupling",
                    "depends_on": [
                        "heroku_app.production",
                        "heroku_pipeline.test-app"
                    ],
                    "primary": {
                        "id": "668a7da2-5143-4907-a24c-4e9416235378",
                        "attributes": {
                            "app": "gb-pipeline-app-production",
                            "app_id": "e53c0458-350f-42ac-885f-0dc141767cdf",
                            "id": "668a7da2-5143-4907-a24c-4e9416235378",
                            "pipeline": "a5813a4d-6a58-48f9-b74b-0349c93eea9a",
                            "stage": "production"
                        },
                        "meta": {},
                        "tainted": false
                    },
                    "deposed": [],
                    "provider": "provider.heroku"
                },
                "heroku_pipeline_coupling.staging": {
                    "type": "heroku_pipeline_coupling",
                    "depends_on": [
                        "heroku_app.staging",
                        "heroku_pipeline.test-app"
                    ],
                    "primary": {
                        "id": "d7236b4b-0aaa-4610-9163-ad04a3f41d02",
                        "attributes": {
                            "app": "gb-pipeline-app-staging",
                            "app_id": "35fdb6e5-0cee-4795-b293-202199876f3e",
                            "id": "d7236b4b-0aaa-4610-9163-ad04a3f41d02",
                            "pipeline": "a5813a4d-6a58-48f9-b74b-0349c93eea9a",
                            "stage": "staging"
                        },
                        "meta": {},
                        "tainted": false
                    },
                    "deposed": [],
                    "provider": "provider.heroku"
                }
            },
            "depends_on": []
        }
    ]
}
